# This file is automatically @generated by Cargo.
# It is not intended for manual editing.
version = 4

[[package]]
name = "worldline-demo"
version = "0.1.0"
dependencies = [
 "worldline-kernel",
 "worldline-reference",
]

[[package]]
name = "worldline-kernel"
version = "0.1.0"

[[package]]
name = "worldline-reference"
version = "0.1.0"
dependencies = [
 "worldline-kernel",
]
